{
  "originHash" : "0aeec480eb82819303446f4cd384afdb618024ce7cebf588e4a3fb439f6f31c3",
  "pins" : [
    {
      "identity" : "blueprint",
      "kind" : "remoteSourceControl",
      "location" : "https://github.com/thigcampos/blueprint.git",
      "state" : {
        "branch" : "main",
        "revision" : "37abdfd316c39471e9efe19c4cfb7242aea2f401"
      }
    },
    {
      "identity" : "swift-argument-parser",
      "kind" : "remoteSourceControl",
      "location" : "https://github.com/apple/swift-argument-parser.git",
      "state" : {
        "revision" : "309a47b2b1d9b5e991f36961c983ecec72275be3",
        "version" : "1.6.1"
      }
    },
    {
      "identity" : "swifter",
      "kind" : "remoteSourceControl",
      "location" : "https://github.com/httpswift/swifter.git",
      "state" : {
        "revision" : "9483a5d459b45c3ffd059f7b55f9638e268632fd",
        "version" : "1.5.0"
      }
    },
    {
      "identity" : "syntax",
      "kind" : "remoteSourceControl",
      "location" : "https://github.com/thigcampos/syntax.git",
      "state" : {
        "branch" : "main",
        "revision" : "69700f599ba9cb4f6b650d4ed0f8187c0206bbb0"
      }
    }
  ],
  "version" : 3
}
