{
  "originHash" : "192d3f641e0666e923101f4809c40ea19ecd0fabdabe4a925a177fcf6c44c8e1",
  "pins" : [
    {
      "identity" : "blueprint",
      "kind" : "remoteSourceControl",
      "location" : "https://github.com/casapaulista/blueprint.git",
      "state" : {
        "revision" : "cb1dc0e528fd471aad263089cf4215b40bcb5aff",
        "version" : "0.1.0"
      }
    },
    {
      "identity" : "swift-argument-parser",
      "kind" : "remoteSourceControl",
      "location" : "https://github.com/apple/swift-argument-parser.git",
      "state" : {
        "revision" : "309a47b2b1d9b5e991f36961c983ecec72275be3",
        "version" : "1.6.1"
      }
    },
    {
      "identity" : "syntax",
      "kind" : "remoteSourceControl",
      "location" : "https://github.com/casapaulista/syntax.git",
      "state" : {
        "revision" : "0cc8c64f9b001ef92e71f75f08970c1c1f07749e",
        "version" : "0.1.0"
      }
    },
    {
      "identity" : "thread",
      "kind" : "remoteSourceControl",
      "location" : "https://github.com/casapaulista/thread.git",
      "state" : {
        "revision" : "58cbd36eb63ccee086d88e89895d399c0662b3d7",
        "version" : "0.1.0"
      }
    }
  ],
  "version" : 3
}
