{
  "originHash" : "e96ad963220c14913071b552a40c2559c634df4cbf70e313236a79542aae0f06",
  "pins" : [
    {
      "identity" : "blueprint",
      "kind" : "remoteSourceControl",
      "location" : "https://github.com/thigcampos/blueprint.git",
      "state" : {
        "revision" : "ed3e3cbd81e3ac0714d491bb567ab814d6add4dd",
        "version" : "0.1.0"
      }
    },
    {
      "identity" : "swift-argument-parser",
      "kind" : "remoteSourceControl",
      "location" : "https://github.com/apple/swift-argument-parser.git",
      "state" : {
        "revision" : "309a47b2b1d9b5e991f36961c983ecec72275be3",
        "version" : "1.6.1"
      }
    },
    {
      "identity" : "syntax",
      "kind" : "remoteSourceControl",
      "location" : "https://github.com/thigcampos/syntax.git",
      "state" : {
        "revision" : "0cc8c64f9b001ef92e71f75f08970c1c1f07749e",
        "version" : "0.1.0"
      }
    },
    {
      "identity" : "thread",
      "kind" : "remoteSourceControl",
      "location" : "https://github.com/thigcampos/thread.git",
      "state" : {
        "revision" : "58cbd36eb63ccee086d88e89895d399c0662b3d7",
        "version" : "0.1.0"
      }
    }
  ],
  "version" : 3
}
